{
  "name": "crm-system-workspace",
  "version": "1.0.0",
  "lockfileVersion": 3,
  "requires": true,
  "packages": {
    "": {
      "name": "crm-system-workspace",
      "version": "1.0.0",
      "dependencies": {
        "concurrently": "^8.2.2"
      },
      "devDependencies": {}
    },
    "node_modules/concurrently": {
      "version": "8.2.2",
      "resolved": "https://registry.npmjs.org/concurrently/-/concurrently-8.2.2.tgz",
      "integrity": "sha512-9U2BRQdTN9uosOiR1qEMi0eOFQY7cAoYrsrtZWxjpVyi/JeqF2H2GELxOP5kJ7Wz/1Y5RrP0VZ0BQ9QKqymJg==",
      "dependencies": {
        "chalk": "^4.1.2",
        "date-fns": "^2.30.0",
        "lodash": "^4.17.21",
        "spawn-command": "^0.0.2-0",
        "strip-ansi": "^6.0.1",
        "supports-color": "^9.4.0"
      },
      "engines": {
        "node": ">=14"
      },
      "bin": {
        "concurrently": "dist/index.js"
      }
    },
    "node_modules/chalk": {
      "version": "4.1.2",
      "resolved": "https://registry.npmjs.org/chalk/-/chalk-4.1.2.tgz",
      "integrity": "sha512-oKnbhFyRIXpUua8iIS4Fc5Mj84cgdScM4MjuYT4Yg0+8dxk9T0IuJvMswl+ReCw6+ceC6RHXm2+ZDHp7fkyA==",
      "engines": {
        "node": ">=10"
      },
      "dependencies": {
        "ansi-styles": "^4.1.0",
        "supports-color": "^7.2.0"
      }
    },
    "node_modules/ansi-styles": {
      "version": "4.3.0",
      "resolved": "https://registry.npmjs.org/ansi-styles/-/ansi-styles-4.3.0.tgz",
      "integrity": "sha512-bC8q1Jb/6Db5gS9eZPxUfAmmASZoC3wqGfiyKUo3LtuJdSWAC2b4S9/02qd2Ov1WcKgQp/66kKfS4Q5x3+9Q==",
      "dependencies": {
        "color-convert": "^2.0.1"
      },
      "engines": {
        "node": ">=8"
      }
    },
    "node_modules/color-convert": {
      "version": "2.0.1",
      "resolved": "https://registry.npmjs.org/color-convert/-/color-convert-2.0.1.tgz",
      "integrity": "sha512-RRECPsj7iu/xb5oKYcsFHSppFNnsj52a2GGKyxqrH0fY/8I4QC6X4C6aFY9CaeZ2WfCfbj3uo/MUffJqzIOg==",
      "dependencies": {
        "color-name": "~1.1.4"
      }
    },
    "node_modules/color-name": {
      "version": "1.1.4",
      "resolved": "https://registry.npmjs.org/color-name/-/color-name-1.1.4.tgz",
      "integrity": "sha512-dOy+3AuW3a2wNbZHIuMZpTcgjGuLU/uBL/ubcZF9OX9DoFe+8C8oqx5SRuyjQihkyZe1IB28QehFn5lf1XxA=="
    },
    "node_modules/date-fns": {
      "version": "2.30.0",
      "resolved": "https://registry.npmjs.org/date-fns/-/date-fns-2.30.0.tgz",
      "integrity": "sha512-fsZrGA1kNb2XK28MjaH4tI3ks1NVahIDmP4B1Lrs8s5DFbEUOYnGxJ1cr6akzJ2EEfW4OQ2n5qBxeAp1AqVQ==",
      "engines": {
        "node": ">=0.11"
      }
    },
    "node_modules/lodash": {
      "version": "4.17.21",
      "resolved": "https://registry.npmjs.org/lodash/-/lodash-4.17.21.tgz",
      "integrity": "sha512-v2kDEe57lecTulaDIuNTPy3Ry4gLGJ6Z1O3vE1krgXZNrsQ+LFTGHVxVjcXPs17LhbZVGedAJv8XZ1tvj5FvQ=="
    },
    "node_modules/spawn-command": {
      "version": "0.0.2-0",
      "resolved": "https://registry.npmjs.org/spawn-command/-/spawn-command-0.0.2-0.tgz",
      "integrity": "sha512-1vRYjPgRoT8jI1iRf2K4S4NP3JHomq+ynaIx+sSctvkKk0K2fNS1Zv+hsOt5uUzvtCC+hSiLa0nSq+3A/GB5Q==",
      "dependencies": {
        "cross-spawn": "^6.0.5"
      }
    },
    "node_modules/cross-spawn": {
      "version": "6.0.5",
      "resolved": "https://registry.npmjs.org/cross-spawn/-/cross-spawn-6.0.5.tgz",
      "integrity": "sha512-eTVLrBSt7fjbDygz805pMnstIs2VTBNkRm0qxZ+FzA82ShzE+r5aS+bZgGL8z79R1to0XztKv6kZ8ZPmv6gCg==",
      "dependencies": {
        "nice-try": "^1.0.4",
        "path-key": "^2.0.1",
        "semver": "^5.5.0",
        "shebang-command": "^1.2.0",
        "which": "^1.2.9"
      }
    },
    "node_modules/nice-try": {
      "version": "1.0.5",
      "resolved": "https://registry.npmjs.org/nice-try/-/nice-try-1.0.5.tgz",
      "integrity": "sha512-1nh45deeb5olNY7eX8BDRMCSxGQpmnnaDHU5Hhsv/teip7zAsFtfSBo/0FUiYhU0vsVfAxC5XgkYmb6QnS3Q=="
    },
    "node_modules/path-key": {
      "version": "2.0.1",
      "resolved": "https://registry.npmjs.org/path-key/-/path-key-2.0.1.tgz",
      "integrity": "sha512-fEHGKCSmUSDPv4uojfbAl0WUEyMOLqyPW8Q34FL5jtQPnOpIkz4c7axD14W5+4n7jg3bBl612RUd7Nt4V3mGQ=="
    },
    "node_modules/semver": {
      "version": "5.7.1",
      "resolved": "https://registry.npmjs.org/semver/-/semver-5.7.1.tgz",
      "integrity": "sha512-sauaDf/PZdMgi4s5ArNmFUf3nKCehK3iI5bkBF4i6wtC8op8wJSU8DwnWC+4fAWwIKAC74ct1PyB27VQv3hQ=="
    },
    "node_modules/shebang-command": {
      "version": "1.2.0",
      "resolved": "https://registry.npmjs.org/shebang-command/-/shebang-command-1.2.0.tgz",
      "integrity": "sha512-kHxr2zqpY2OEJq3aj2lYwE0fpIirOnr27V6O4EXroIu33pRTR6jA2bU2VxjOnkqbuW5rdhK6QX7urNWGsMszQ==",
      "dependencies": {
        "shebang-regex": "^1.0.0"
      }
    },
    "node_modules/shebang-regex": {
      "version": "1.0.0",
      "resolved": "https://registry.npmjs.org/shebang-regex/-/shebang-regex-1.0.0.tgz",
      "integrity": "sha512-wpoSFAxys6b2a10wHn1qY6CGGFPixZzPcCS64u2U1RvnCksSpS9PnC5nGyEi2ymcGiwhelLoSnSHMPCGqH63w=="
    },
    "node_modules/which": {
      "version": "1.3.1",
      "resolved": "https://registry.npmjs.org/which/-/which-1.3.1.tgz",
      "integrity": "sha512-HxJdYWq1MTIQbJ3nw0cqssHoTNU261KlRdzGIDmwctqY5X2th0cUwWmQkkuqpnkxwz29VOE5oGKtvRntGMz8A==",
      "dependencies": {
        "isexe": "^2.0.0"
      },
      "bin": {
        "which": "bin/which.js"
      }
    },
    "node_modules/isexe": {
      "version": "2.0.0",
      "resolved": "https://registry.npmjs.org/isexe/-/isexe-2.0.0.tgz",
      "integrity": "sha512-RHxJwW8J21WmjEs/rpgJ6NX4XPIk8c19iUwYxDkkJNCRHueD9I74QwhT/q31S4Fwt6xN/zw/8otC6BWf6f4w=="
    },
    "node_modules/strip-ansi": {
      "version": "6.0.1",
      "resolved": "https://registry.npmjs.org/strip-ansi/-/strip-ansi-6.0.1.tgz",
      "integrity": "sha512-Y38VPSHcqkFrCpFnQ9vuSXmquuv5oXOKpGeT6aGrr3o3Gc9Alq6TCfSkk+Q0Lz14XMEqDk7FzlaXa+QllS5/5g==",
      "dependencies": {
        "ansi-regex": "^5.0.1"
      }
    },
    "node_modules/ansi-regex": {
      "version": "5.0.1",
      "resolved": "https://registry.npmjs.org/ansi-regex/-/ansi-regex-5.0.1.tgz",
      "integrity": "sha512-quJQXlTSUGL2LH9SUXo8VwsY4soanhgo6LNSm84E1LBcQshQbRuKQBWgIeVT6y5rVUb6TDA2n4cOoV4n3Tgw=="
    },
    "node_modules/supports-color": {
      "version": "9.4.0",
      "resolved": "https://registry.npmjs.org/supports-color/-/supports-color-9.4.0.tgz",
      "integrity": "sha512-+DQBA8GJgqZzB+Wg6IojCvH4OLVZyfeS0mP4BXRCzVuDz1UfbSHymCcINgqNKFfwwEjGrAkZbkPUzCQ3aEqpg==",
      "dependencies": {
        "has-flag": "^4.0.0"
      }
    },
    "node_modules/has-flag": {
      "version": "4.0.0",
      "resolved": "https://registry.npmjs.org/has-flag/-/has-flag-4.0.0.tgz",
      "integrity": "sha512-EykJT/x1KXbZr6+syA7NqeAcV2cZAqv2Rqpf6dzNk2wuGfKAHX60QgpwR63/hz2wWrZWmNJEWk3Vn6k5h0+lA=="
    }
  }
} 