
Microsoft Visual Studio Solution File, Format Version 12.00
# Visual Studio Version 17
VisualStudioVersion = 17.0.31903.59
MinimumVisualStudioVersion = 10.0.40219.1
Project("{FAE04EC0-301F-11D3-BF4B-00C04F79EFBC}") = "CrmSystem.Api", "CrmSystem.Api\CrmSystem.Api.csproj", "{AD80E3CE-6D26-4224-8EA9-7DD15B579827}"
EndProject
Project("{FAE04EC0-301F-11D3-BF4B-00C04F79EFBC}") = "CrmSystem.Core", "CrmSystem.Core\CrmSystem.Core.csproj", "{0CD786DE-96CF-4D55-8D83-682DA4ECA134}"
EndProject
Project("{FAE04EC0-301F-11D3-BF4B-00C04F79EFBC}") = "CrmSystem.Infrastructure", "CrmSystem.Infrastructure\CrmSystem.Infrastructure.csproj", "{10F6C33F-709A-42DB-99E7-39B3FE3544C8}"
EndProject
Project("{FAE04EC0-301F-11D3-BF4B-00C04F79EFBC}") = "CrmSystem.Application", "CrmSystem.Application\CrmSystem.Application.csproj", "{123EEC7C-4D74-4AD9-BB93-FC4109FE16DC}"
EndProject
Global
	GlobalSection(SolutionConfigurationPlatforms) = preSolution
		Debug|Any CPU = Debug|Any CPU
		Debug|x64 = Debug|x64
		Debug|x86 = Debug|x86
		Release|Any CPU = Release|Any CPU
		Release|x64 = Release|x64
		Release|x86 = Release|x86
	EndGlobalSection
	GlobalSection(ProjectConfigurationPlatforms) = postSolution
		{AD80E3CE-6D26-4224-8EA9-7DD15B579827}.Debug|Any CPU.ActiveCfg = Debug|Any CPU
		{AD80E3CE-6D26-4224-8EA9-7DD15B579827}.Debug|Any CPU.Build.0 = Debug|Any CPU
		{AD80E3CE-6D26-4224-8EA9-7DD15B579827}.Debug|x64.ActiveCfg = Debug|Any CPU
		{AD80E3CE-6D26-4224-8EA9-7DD15B579827}.Debug|x64.Build.0 = Debug|Any CPU
		{AD80E3CE-6D26-4224-8EA9-7DD15B579827}.Debug|x86.ActiveCfg = Debug|Any CPU
		{AD80E3CE-6D26-4224-8EA9-7DD15B579827}.Debug|x86.Build.0 = Debug|Any CPU
		{AD80E3CE-6D26-4224-8EA9-7DD15B579827}.Release|Any CPU.ActiveCfg = Release|Any CPU
		{AD80E3CE-6D26-4224-8EA9-7DD15B579827}.Release|Any CPU.Build.0 = Release|Any CPU
		{AD80E3CE-6D26-4224-8EA9-7DD15B579827}.Release|x64.ActiveCfg = Release|Any CPU
		{AD80E3CE-6D26-4224-8EA9-7DD15B579827}.Release|x64.Build.0 = Release|Any CPU
		{AD80E3CE-6D26-4224-8EA9-7DD15B579827}.Release|x86.ActiveCfg = Release|Any CPU
		{AD80E3CE-6D26-4224-8EA9-7DD15B579827}.Release|x86.Build.0 = Release|Any CPU
		{0CD786DE-96CF-4D55-8D83-682DA4ECA134}.Debug|Any CPU.ActiveCfg = Debug|Any CPU
		{0CD786DE-96CF-4D55-8D83-682DA4ECA134}.Debug|Any CPU.Build.0 = Debug|Any CPU
		{0CD786DE-96CF-4D55-8D83-682DA4ECA134}.Debug|x64.ActiveCfg = Debug|Any CPU
		{0CD786DE-96CF-4D55-8D83-682DA4ECA134}.Debug|x64.Build.0 = Debug|Any CPU
		{0CD786DE-96CF-4D55-8D83-682DA4ECA134}.Debug|x86.ActiveCfg = Debug|Any CPU
		{0CD786DE-96CF-4D55-8D83-682DA4ECA134}.Debug|x86.Build.0 = Debug|Any CPU
		{0CD786DE-96CF-4D55-8D83-682DA4ECA134}.Release|Any CPU.ActiveCfg = Release|Any CPU
		{0CD786DE-96CF-4D55-8D83-682DA4ECA134}.Release|Any CPU.Build.0 = Release|Any CPU
		{0CD786DE-96CF-4D55-8D83-682DA4ECA134}.Release|x64.ActiveCfg = Release|Any CPU
		{0CD786DE-96CF-4D55-8D83-682DA4ECA134}.Release|x64.Build.0 = Release|Any CPU
		{0CD786DE-96CF-4D55-8D83-682DA4ECA134}.Release|x86.ActiveCfg = Release|Any CPU
		{0CD786DE-96CF-4D55-8D83-682DA4ECA134}.Release|x86.Build.0 = Release|Any CPU
		{10F6C33F-709A-42DB-99E7-39B3FE3544C8}.Debug|Any CPU.ActiveCfg = Debug|Any CPU
		{10F6C33F-709A-42DB-99E7-39B3FE3544C8}.Debug|Any CPU.Build.0 = Debug|Any CPU
		{10F6C33F-709A-42DB-99E7-39B3FE3544C8}.Debug|x64.ActiveCfg = Debug|Any CPU
		{10F6C33F-709A-42DB-99E7-39B3FE3544C8}.Debug|x64.Build.0 = Debug|Any CPU
		{10F6C33F-709A-42DB-99E7-39B3FE3544C8}.Debug|x86.ActiveCfg = Debug|Any CPU
		{10F6C33F-709A-42DB-99E7-39B3FE3544C8}.Debug|x86.Build.0 = Debug|Any CPU
		{10F6C33F-709A-42DB-99E7-39B3FE3544C8}.Release|Any CPU.ActiveCfg = Release|Any CPU
		{10F6C33F-709A-42DB-99E7-39B3FE3544C8}.Release|Any CPU.Build.0 = Release|Any CPU
		{10F6C33F-709A-42DB-99E7-39B3FE3544C8}.Release|x64.ActiveCfg = Release|Any CPU
		{10F6C33F-709A-42DB-99E7-39B3FE3544C8}.Release|x64.Build.0 = Release|Any CPU
		{10F6C33F-709A-42DB-99E7-39B3FE3544C8}.Release|x86.ActiveCfg = Release|Any CPU
		{10F6C33F-709A-42DB-99E7-39B3FE3544C8}.Release|x86.Build.0 = Release|Any CPU
		{123EEC7C-4D74-4AD9-BB93-FC4109FE16DC}.Debug|Any CPU.ActiveCfg = Debug|Any CPU
		{123EEC7C-4D74-4AD9-BB93-FC4109FE16DC}.Debug|Any CPU.Build.0 = Debug|Any CPU
		{123EEC7C-4D74-4AD9-BB93-FC4109FE16DC}.Debug|x64.ActiveCfg = Debug|Any CPU
		{123EEC7C-4D74-4AD9-BB93-FC4109FE16DC}.Debug|x64.Build.0 = Debug|Any CPU
		{123EEC7C-4D74-4AD9-BB93-FC4109FE16DC}.Debug|x86.ActiveCfg = Debug|Any CPU
		{123EEC7C-4D74-4AD9-BB93-FC4109FE16DC}.Debug|x86.Build.0 = Debug|Any CPU
		{123EEC7C-4D74-4AD9-BB93-FC4109FE16DC}.Release|Any CPU.ActiveCfg = Release|Any CPU
		{123EEC7C-4D74-4AD9-BB93-FC4109FE16DC}.Release|Any CPU.Build.0 = Release|Any CPU
		{123EEC7C-4D74-4AD9-BB93-FC4109FE16DC}.Release|x64.ActiveCfg = Release|Any CPU
		{123EEC7C-4D74-4AD9-BB93-FC4109FE16DC}.Release|x64.Build.0 = Release|Any CPU
		{123EEC7C-4D74-4AD9-BB93-FC4109FE16DC}.Release|x86.ActiveCfg = Release|Any CPU
		{123EEC7C-4D74-4AD9-BB93-FC4109FE16DC}.Release|x86.Build.0 = Release|Any CPU
	EndGlobalSection
	GlobalSection(SolutionProperties) = preSolution
		HideSolutionNode = FALSE
	EndGlobalSection
EndGlobal
